
Microsoft Visual Studio Solution File, Format Version 12.00
# Visual Studio Version 17
VisualStudioVersion = 17.7.34031.279
MinimumVisualStudioVersion = 10.0.40219.1
Project("{FAE04EC0-301F-11D3-BF4B-00C04F79EFBC}") = "TestProject2024", "TestProject2024.csproj", "{0D07F9D7-95CF-4181-81C7-65AB840A6CF1}"
EndProject
Global
	GlobalSection(SolutionConfigurationPlatforms) = preSolution
		Debug|Any CPU = Debug|Any CPU
		Release|Any CPU = Release|Any CPU
	EndGlobalSection
	GlobalSection(ProjectConfigurationPlatforms) = postSolution
		{0D07F9D7-95CF-4181-81C7-65AB840A6CF1}.Debug|Any CPU.ActiveCfg = Debug|Any CPU
		{0D07F9D7-95CF-4181-81C7-65AB840A6CF1}.Debug|Any CPU.Build.0 = Debug|Any CPU
		{0D07F9D7-95CF-4181-81C7-65AB840A6CF1}.Release|Any CPU.ActiveCfg = Release|Any CPU
		{0D07F9D7-95CF-4181-81C7-65AB840A6CF1}.Release|Any CPU.Build.0 = Release|Any CPU
	EndGlobalSection
	GlobalSection(SolutionProperties) = preSolution
		HideSolutionNode = FALSE
	EndGlobalSection
	GlobalSection(ExtensibilityGlobals) = postSolution
		SolutionGuid = {9911B2C1-360D-4CF1-BD27-41BF9B4D5B65}
	EndGlobalSection
EndGlobal
